
Microsoft Visual Studio Solution File, Format Version 11.00
# Visual Studio 2010
Project("{FAE04EC0-301F-11D3-BF4B-00C04F79EFBC}") = "Meowmory-master", "Assembly-CSharp.csproj", "{394BC0EA-135B-ACD5-44C2-D8FF3D78E45E}"
EndProject
Global
	GlobalSection(SolutionConfigurationPlatforms) = preSolution
		Debug|Any CPU = Debug|Any CPU
		Release|Any CPU = Release|Any CPU
	EndGlobalSection
	GlobalSection(ProjectConfigurationPlatforms) = postSolution
		{394BC0EA-135B-ACD5-44C2-D8FF3D78E45E}.Debug|Any CPU.ActiveCfg = Debug|Any CPU
		{394BC0EA-135B-ACD5-44C2-D8FF3D78E45E}.Debug|Any CPU.Build.0 = Debug|Any CPU
		{394BC0EA-135B-ACD5-44C2-D8FF3D78E45E}.Release|Any CPU.ActiveCfg = Release|Any CPU
		{394BC0EA-135B-ACD5-44C2-D8FF3D78E45E}.Release|Any CPU.Build.0 = Release|Any CPU
	EndGlobalSection
	GlobalSection(SolutionProperties) = preSolution
		HideSolutionNode = FALSE
	EndGlobalSection
	GlobalSection(MonoDevelopProperties) = preSolution
		StartupItem = Assembly-CSharp.csproj
	EndGlobalSection
EndGlobal
